{
  "name": "zingchart-wc",
  "version": "1.0.0",
  "lockfileVersion": 1,
  "requires": true,
  "dependencies": {
    "zingchart": {
      "version": "2.8.7",
      "resolved": "https://registry.npmjs.org/zingchart/-/zingchart-2.8.7.tgz",
      "integrity": "sha512-vZzzoOO2KBxo82qLmxAkYH/V32h/QQLoa5EQQybRNu75Wjvt6khlt8N4VPwelEV5pS0OU8zyZtZVRzJH5ElMOQ=="
    }
  }
}
