{
  "name": "zingchart-web-component",
  "version": "0.0.1",
  "lockfileVersion": 1,
  "requires": true,
  "dependencies": {
    "zingchart": {
      "version": "2.9.3",
      "resolved": "https://registry.npmjs.org/zingchart/-/zingchart-2.9.3.tgz",
      "integrity": "sha512-Hu8fAZcQgOwioC4OybAB4W7vjhXzRuM3btIy5rXKmJKmFLeWu5Q6nS+EpkIcBGRN0ektdBbrX6f3PGjlAQVJLA=="
    }
  }
}
